
Microsoft Visual Studio Solution File, Format Version 12.00
# Visual Studio Version 17
VisualStudioVersion = 17.4.33213.308
MinimumVisualStudioVersion = 10.0.40219.1
Project("{FAE04EC0-301F-11D3-BF4B-00C04F79EFBC}") = "exercResolvidoSet", "exercResolvidoSet\exercResolvidoSet.csproj", "{8D6EF8CB-C98D-483E-8046-F8D029B4A861}"
EndProject
Global
	GlobalSection(SolutionConfigurationPlatforms) = preSolution
		Debug|Any CPU = Debug|Any CPU
		Release|Any CPU = Release|Any CPU
	EndGlobalSection
	GlobalSection(ProjectConfigurationPlatforms) = postSolution
		{8D6EF8CB-C98D-483E-8046-F8D029B4A861}.Debug|Any CPU.ActiveCfg = Debug|Any CPU
		{8D6EF8CB-C98D-483E-8046-F8D029B4A861}.Debug|Any CPU.Build.0 = Debug|Any CPU
		{8D6EF8CB-C98D-483E-8046-F8D029B4A861}.Release|Any CPU.ActiveCfg = Release|Any CPU
		{8D6EF8CB-C98D-483E-8046-F8D029B4A861}.Release|Any CPU.Build.0 = Release|Any CPU
	EndGlobalSection
	GlobalSection(SolutionProperties) = preSolution
		HideSolutionNode = FALSE
	EndGlobalSection
	GlobalSection(ExtensibilityGlobals) = postSolution
		SolutionGuid = {F1AE154E-5F9D-45AA-A74A-709ED096435D}
	EndGlobalSection
EndGlobal
